
Microsoft Visual Studio Solution File, Format Version 12.00
# Visual Studio Version 16
VisualStudioVersion = 16.0.29728.190
MinimumVisualStudioVersion = 10.0.40219.1
Project("{9A19103F-16F7-4668-BE54-9A1E7A4F7556}") = "P03_SalesDatabase", "P03_SalesDatabase\P03_SalesDatabase.csproj", "{E1E738FE-1C69-43BF-9C52-2AC705B75AA2}"
EndProject
Project("{9A19103F-16F7-4668-BE54-9A1E7A4F7556}") = "P03_SalesDatabase.Data", "P03_SalesDatabase.Data\P03_SalesDatabase.Data.csproj", "{DB9D52D6-1C9C-4FA3-B647-29661FF9C914}"
EndProject
Project("{9A19103F-16F7-4668-BE54-9A1E7A4F7556}") = "P03_SalesDatabase.Data.Models", "P03_SalesDatabase.Data.Models\P03_SalesDatabase.Data.Models.csproj", "{3E3CF96A-AA12-4635-BB4D-820B22D8367F}"
EndProject
Global
	GlobalSection(SolutionConfigurationPlatforms) = preSolution
		Debug|Any CPU = Debug|Any CPU
		Release|Any CPU = Release|Any CPU
	EndGlobalSection
	GlobalSection(ProjectConfigurationPlatforms) = postSolution
		{E1E738FE-1C69-43BF-9C52-2AC705B75AA2}.Debug|Any CPU.ActiveCfg = Debug|Any CPU
		{E1E738FE-1C69-43BF-9C52-2AC705B75AA2}.Debug|Any CPU.Build.0 = Debug|Any CPU
		{E1E738FE-1C69-43BF-9C52-2AC705B75AA2}.Release|Any CPU.ActiveCfg = Release|Any CPU
		{E1E738FE-1C69-43BF-9C52-2AC705B75AA2}.Release|Any CPU.Build.0 = Release|Any CPU
		{DB9D52D6-1C9C-4FA3-B647-29661FF9C914}.Debug|Any CPU.ActiveCfg = Debug|Any CPU
		{DB9D52D6-1C9C-4FA3-B647-29661FF9C914}.Debug|Any CPU.Build.0 = Debug|Any CPU
		{DB9D52D6-1C9C-4FA3-B647-29661FF9C914}.Release|Any CPU.ActiveCfg = Release|Any CPU
		{DB9D52D6-1C9C-4FA3-B647-29661FF9C914}.Release|Any CPU.Build.0 = Release|Any CPU
		{3E3CF96A-AA12-4635-BB4D-820B22D8367F}.Debug|Any CPU.ActiveCfg = Debug|Any CPU
		{3E3CF96A-AA12-4635-BB4D-820B22D8367F}.Debug|Any CPU.Build.0 = Debug|Any CPU
		{3E3CF96A-AA12-4635-BB4D-820B22D8367F}.Release|Any CPU.ActiveCfg = Release|Any CPU
		{3E3CF96A-AA12-4635-BB4D-820B22D8367F}.Release|Any CPU.Build.0 = Release|Any CPU
	EndGlobalSection
	GlobalSection(SolutionProperties) = preSolution
		HideSolutionNode = FALSE
	EndGlobalSection
	GlobalSection(ExtensibilityGlobals) = postSolution
		SolutionGuid = {AE994931-9B2E-49F5-9A41-5B9810FBC6F9}
	EndGlobalSection
EndGlobal
